{
  "nodes": {
    "crate2nix": {
      "flake": false,
      "locked": {
        "lastModified": 1636316693,
        "narHash": "sha256-WAxxfqPcFY2SFkgbUMnxMAIj3WbFf7Kw3622rYcz22I=",
        "owner": "kolloch",
        "repo": "crate2nix",
        "rev": "d0c00673bafbaa648e84fb7595a0e4cd84c3b18a",
        "type": "github"
      },
      "original": {
        "owner": "kolloch",
        "repo": "crate2nix",
        "type": "github"
      }
    },
    "flake-utils": {
      "locked": {
        "lastModified": 1634851050,
        "narHash": "sha256-N83GlSGPJJdcqhUxSCS/WwW5pksYf3VP1M13cDRTSVA=",
        "owner": "numtide",
        "repo": "flake-utils",
        "rev": "c91f3de5adaf1de973b797ef7485e441a65b8935",
        "type": "github"
      },
      "original": {
        "owner": "numtide",
        "repo": "flake-utils",
        "type": "github"
      }
    },
    "nixpkgs": {
      "locked": {
        "lastModified": 1636748079,
        "narHash": "sha256-Qj+MP4dlRr9HZqTtuh9dG8T+3+QENwPkkaluVZsGAbA=",
        "owner": "nixos",
        "repo": "nixpkgs",
        "rev": "41c9be7c10f7e3fe2fb061b2459679d76b20d473",
        "type": "github"
      },
      "original": {
        "owner": "nixos",
        "repo": "nixpkgs",
        "type": "github"
      }
    },
    "root": {
      "inputs": {
        "crate2nix": "crate2nix",
        "flake-utils": "flake-utils",
        "nixpkgs": "nixpkgs"
      }
    }
  },
  "root": "root",
  "version": 7
}
